
Microsoft Visual Studio Solution File, Format Version 12.00
# Visual Studio Version 16
VisualStudioVersion = 16.0.31702.278
MinimumVisualStudioVersion = 10.0.40219.1
Project("{FAE04EC0-301F-11D3-BF4B-00C04F79EFBC}") = "DeveloperRepo", "DeveloperRepo\DeveloperRepo.csproj", "{AAEAB733-9621-44AB-BABD-6BADB48602A0}"
EndProject
Project("{FAE04EC0-301F-11D3-BF4B-00C04F79EFBC}") = "DevTeamRepo", "..\DevTeamRepo\DevTeamRepo\DevTeamRepo.csproj", "{7176C412-56CE-46DA-A58A-6420E5E8A1E4}"
EndProject
Project("{FAE04EC0-301F-11D3-BF4B-00C04F79EFBC}") = "ProgramUI", "ProgramUI\ProgramUI.csproj", "{DD81DD7F-06DD-4786-94FE-7FAD889E4702}"
EndProject
Global
	GlobalSection(SolutionConfigurationPlatforms) = preSolution
		Debug|Any CPU = Debug|Any CPU
		Release|Any CPU = Release|Any CPU
	EndGlobalSection
	GlobalSection(ProjectConfigurationPlatforms) = postSolution
		{AAEAB733-9621-44AB-BABD-6BADB48602A0}.Debug|Any CPU.ActiveCfg = Debug|Any CPU
		{AAEAB733-9621-44AB-BABD-6BADB48602A0}.Debug|Any CPU.Build.0 = Debug|Any CPU
		{AAEAB733-9621-44AB-BABD-6BADB48602A0}.Release|Any CPU.ActiveCfg = Release|Any CPU
		{AAEAB733-9621-44AB-BABD-6BADB48602A0}.Release|Any CPU.Build.0 = Release|Any CPU
		{7176C412-56CE-46DA-A58A-6420E5E8A1E4}.Debug|Any CPU.ActiveCfg = Debug|Any CPU
		{7176C412-56CE-46DA-A58A-6420E5E8A1E4}.Debug|Any CPU.Build.0 = Debug|Any CPU
		{7176C412-56CE-46DA-A58A-6420E5E8A1E4}.Release|Any CPU.ActiveCfg = Release|Any CPU
		{7176C412-56CE-46DA-A58A-6420E5E8A1E4}.Release|Any CPU.Build.0 = Release|Any CPU
		{DD81DD7F-06DD-4786-94FE-7FAD889E4702}.Debug|Any CPU.ActiveCfg = Debug|Any CPU
		{DD81DD7F-06DD-4786-94FE-7FAD889E4702}.Debug|Any CPU.Build.0 = Debug|Any CPU
		{DD81DD7F-06DD-4786-94FE-7FAD889E4702}.Release|Any CPU.ActiveCfg = Release|Any CPU
		{DD81DD7F-06DD-4786-94FE-7FAD889E4702}.Release|Any CPU.Build.0 = Release|Any CPU
	EndGlobalSection
	GlobalSection(SolutionProperties) = preSolution
		HideSolutionNode = FALSE
	EndGlobalSection
	GlobalSection(ExtensibilityGlobals) = postSolution
		SolutionGuid = {BD6EF669-81D5-45FC-8085-C55F65F9FA63}
	EndGlobalSection
EndGlobal
